
Microsoft Visual Studio Solution File, Format Version 12.00
# Visual Studio Version 16
VisualStudioVersion = 16.0.31112.23
MinimumVisualStudioVersion = 10.0.40219.1
Project("{FAE04EC0-301F-11D3-BF4B-00C04F79EFBC}") = "SPlanner", "SPlanner\SPlanner.csproj", "{0981391B-2F44-4EF5-8AEB-A174731EB122}"
EndProject
Project("{FAE04EC0-301F-11D3-BF4B-00C04F79EFBC}") = "UnitTestSPlanner", "UnitTestSPlanner\UnitTestSPlanner.csproj", "{CC581C1A-C262-4772-8297-8B3F76C8F5FE}"
EndProject
Global
	GlobalSection(SolutionConfigurationPlatforms) = preSolution
		Debug|Any CPU = Debug|Any CPU
		Release|Any CPU = Release|Any CPU
	EndGlobalSection
	GlobalSection(ProjectConfigurationPlatforms) = postSolution
		{0981391B-2F44-4EF5-8AEB-A174731EB122}.Debug|Any CPU.ActiveCfg = Debug|Any CPU
		{0981391B-2F44-4EF5-8AEB-A174731EB122}.Debug|Any CPU.Build.0 = Debug|Any CPU
		{0981391B-2F44-4EF5-8AEB-A174731EB122}.Release|Any CPU.ActiveCfg = Release|Any CPU
		{0981391B-2F44-4EF5-8AEB-A174731EB122}.Release|Any CPU.Build.0 = Release|Any CPU
		{CC581C1A-C262-4772-8297-8B3F76C8F5FE}.Debug|Any CPU.ActiveCfg = Debug|Any CPU
		{CC581C1A-C262-4772-8297-8B3F76C8F5FE}.Debug|Any CPU.Build.0 = Debug|Any CPU
		{CC581C1A-C262-4772-8297-8B3F76C8F5FE}.Release|Any CPU.ActiveCfg = Release|Any CPU
		{CC581C1A-C262-4772-8297-8B3F76C8F5FE}.Release|Any CPU.Build.0 = Release|Any CPU
	EndGlobalSection
	GlobalSection(SolutionProperties) = preSolution
		HideSolutionNode = FALSE
	EndGlobalSection
	GlobalSection(ExtensibilityGlobals) = postSolution
		SolutionGuid = {25D7D99E-EE48-48FD-964E-899D4FFB9B5E}
	EndGlobalSection
EndGlobal
